// !$*UTF8*$!
{
	archiveVersion = 1;
	classes = {
	};
	objectVersion = 46;
	objects = {

/* Begin PBXBuildFile section */
		0444B20898E9EC3BC850FADD /* Pods_MyKcal.framework in Frameworks */ = {isa = PBXBuildFile; fileRef = 651D9B9A2291A195D958F3A9 /* Pods_MyKcal.framework */; };
		B21349C01EFCEF4E00FD5BE2 /* BorderView.swift in Sources */ = {isa = PBXBuildFile; fileRef = B21349BF1EFCEF4E00FD5BE2 /* BorderView.swift */; };
		B21DF26E1F15D25700752190 /* SettingView.swift in Sources */ = {isa = PBXBuildFile; fileRef = B21DF26D1F15D25700752190 /* SettingView.swift */; };
		B21DF2701F17484300752190 /* DetailsView.swift in Sources */ = {isa = PBXBuildFile; fileRef = B21DF26F1F17484300752190 /* DetailsView.swift */; };
		B24BA21D1F1381740003FDAD /* ColorCollectionView.swift in Sources */ = {isa = PBXBuildFile; fileRef = B24BA21C1F1381740003FDAD /* ColorCollectionView.swift */; };
		B26FAF311EF547D9006CBF0D /* noonList.swift in Sources */ = {isa = PBXBuildFile; fileRef = B26FAF301EF547D9006CBF0D /* noonList.swift */; };
		B26FAF331EF547FA006CBF0D /* nightList.swift in Sources */ = {isa = PBXBuildFile; fileRef = B26FAF321EF547FA006CBF0D /* nightList.swift */; };
		B2835E7A1F0DD20400420711 /* TotalView.swift in Sources */ = {isa = PBXBuildFile; fileRef = B2835E791F0DD20400420711 /* TotalView.swift */; };
		B2859DED1EE989A1006E78CA /* AppDelegate.swift in Sources */ = {isa = PBXBuildFile; fileRef = B2859DEC1EE989A1006E78CA /* AppDelegate.swift */; };
		B2859DEF1EE989A1006E78CA /* ViewController.swift in Sources */ = {isa = PBXBuildFile; fileRef = B2859DEE1EE989A1006E78CA /* ViewController.swift */; };
		B2859DF21EE989A1006E78CA /* Main.storyboard in Resources */ = {isa = PBXBuildFile; fileRef = B2859DF01EE989A1006E78CA /* Main.storyboard */; };
		B2859DF41EE989A1006E78CA /* Assets.xcassets in Resources */ = {isa = PBXBuildFile; fileRef = B2859DF31EE989A1006E78CA /* Assets.xcassets */; };
		B2859DF71EE989A1006E78CA /* LaunchScreen.storyboard in Resources */ = {isa = PBXBuildFile; fileRef = B2859DF51EE989A1006E78CA /* LaunchScreen.storyboard */; };
		B2859DFF1EE98C0D006E78CA /* CustomCell.swift in Sources */ = {isa = PBXBuildFile; fileRef = B2859DFE1EE98C0D006E78CA /* CustomCell.swift */; };
		B28D35511EF0F98500E3CDA7 /* ChartsView.swift in Sources */ = {isa = PBXBuildFile; fileRef = B28D35501EF0F98500E3CDA7 /* ChartsView.swift */; };
		B28D35531EF3B6EC00E3CDA7 /* morningList.swift in Sources */ = {isa = PBXBuildFile; fileRef = B28D35521EF3B6EC00E3CDA7 /* morningList.swift */; };
		B28E6E8B1F1DDF2700F3769A /* VersionView.swift in Sources */ = {isa = PBXBuildFile; fileRef = B28E6E8A1F1DDF2700F3769A /* VersionView.swift */; };
		B29DEE4D1EEC33EE00E8B951 /* RealmDateDB.swift in Sources */ = {isa = PBXBuildFile; fileRef = B29DEE4C1EEC33EE00E8B951 /* RealmDateDB.swift */; };
		B29DEE551EED760700E8B951 /* MenuTableView.swift in Sources */ = {isa = PBXBuildFile; fileRef = B29DEE541EED760700E8B951 /* MenuTableView.swift */; };
		B29DEE571EED77FB00E8B951 /* RealmMenuDB.swift in Sources */ = {isa = PBXBuildFile; fileRef = B29DEE561EED77FB00E8B951 /* RealmMenuDB.swift */; };
		B29DEE591EED7E6700E8B951 /* AddMenuView.swift in Sources */ = {isa = PBXBuildFile; fileRef = B29DEE581EED7E6700E8B951 /* AddMenuView.swift */; };
		B29DEE5B1EED835500E8B951 /* RealmKindDB.swift in Sources */ = {isa = PBXBuildFile; fileRef = B29DEE5A1EED835500E8B951 /* RealmKindDB.swift */; };
		B29DEE5D1EEEF3C100E8B951 /* SelectMenuView.swift in Sources */ = {isa = PBXBuildFile; fileRef = B29DEE5C1EEEF3C100E8B951 /* SelectMenuView.swift */; };
/* End PBXBuildFile section */

/* Begin PBXFileReference section */
		651D9B9A2291A195D958F3A9 /* Pods_MyKcal.framework */ = {isa = PBXFileReference; explicitFileType = wrapper.framework; includeInIndex = 0; path = Pods_MyKcal.framework; sourceTree = BUILT_PRODUCTS_DIR; };
		B21349BF1EFCEF4E00FD5BE2 /* BorderView.swift */ = {isa = PBXFileReference; fileEncoding = 4; lastKnownFileType = sourcecode.swift; path = BorderView.swift; sourceTree = "<group>"; };
		B21DF26D1F15D25700752190 /* SettingView.swift */ = {isa = PBXFileReference; fileEncoding = 4; lastKnownFileType = sourcecode.swift; path = SettingView.swift; sourceTree = "<group>"; };
		B21DF26F1F17484300752190 /* DetailsView.swift */ = {isa = PBXFileReference; fileEncoding = 4; lastKnownFileType = sourcecode.swift; path = DetailsView.swift; sourceTree = "<group>"; };
		B24BA21C1F1381740003FDAD /* ColorCollectionView.swift */ = {isa = PBXFileReference; fileEncoding = 4; lastKnownFileType = sourcecode.swift; path = ColorCollectionView.swift; sourceTree = "<group>"; };
		B26FAF301EF547D9006CBF0D /* noonList.swift */ = {isa = PBXFileReference; fileEncoding = 4; lastKnownFileType = sourcecode.swift; path = noonList.swift; sourceTree = "<group>"; };
		B26FAF321EF547FA006CBF0D /* nightList.swift */ = {isa = PBXFileReference; fileEncoding = 4; lastKnownFileType = sourcecode.swift; path = nightList.swift; sourceTree = "<group>"; };
		B2835E791F0DD20400420711 /* TotalView.swift */ = {isa = PBXFileReference; fileEncoding = 4; lastKnownFileType = sourcecode.swift; path = TotalView.swift; sourceTree = "<group>"; };
		B2859DE91EE989A1006E78CA /* MyKcal.app */ = {isa = PBXFileReference; explicitFileType = wrapper.application; includeInIndex = 0; path = MyKcal.app; sourceTree = BUILT_PRODUCTS_DIR; };
		B2859DEC1EE989A1006E78CA /* AppDelegate.swift */ = {isa = PBXFileReference; lastKnownFileType = sourcecode.swift; path = AppDelegate.swift; sourceTree = "<group>"; };
		B2859DEE1EE989A1006E78CA /* ViewController.swift */ = {isa = PBXFileReference; lastKnownFileType = sourcecode.swift; path = ViewController.swift; sourceTree = "<group>"; };
		B2859DF11EE989A1006E78CA /* Base */ = {isa = PBXFileReference; lastKnownFileType = file.storyboard; name = Base; path = Base.lproj/Main.storyboard; sourceTree = "<group>"; };
		B2859DF31EE989A1006E78CA /* Assets.xcassets */ = {isa = PBXFileReference; lastKnownFileType = folder.assetcatalog; path = Assets.xcassets; sourceTree = "<group>"; };
		B2859DF61EE989A1006E78CA /* Base */ = {isa = PBXFileReference; lastKnownFileType = file.storyboard; name = Base; path = Base.lproj/LaunchScreen.storyboard; sourceTree = "<group>"; };
		B2859DF81EE989A1006E78CA /* Info.plist */ = {isa = PBXFileReference; lastKnownFileType = text.plist.xml; path = Info.plist; sourceTree = "<group>"; };
		B2859DFE1EE98C0D006E78CA /* CustomCell.swift */ = {isa = PBXFileReference; fileEncoding = 4; lastKnownFileType = sourcecode.swift; path = CustomCell.swift; sourceTree = "<group>"; };
		B28D35501EF0F98500E3CDA7 /* ChartsView.swift */ = {isa = PBXFileReference; fileEncoding = 4; lastKnownFileType = sourcecode.swift; path = ChartsView.swift; sourceTree = "<group>"; };
		B28D35521EF3B6EC00E3CDA7 /* morningList.swift */ = {isa = PBXFileReference; fileEncoding = 4; lastKnownFileType = sourcecode.swift; path = morningList.swift; sourceTree = "<group>"; };
		B28E6E8A1F1DDF2700F3769A /* VersionView.swift */ = {isa = PBXFileReference; fileEncoding = 4; lastKnownFileType = sourcecode.swift; path = VersionView.swift; sourceTree = "<group>"; };
		B29DEE4C1EEC33EE00E8B951 /* RealmDateDB.swift */ = {isa = PBXFileReference; fileEncoding = 4; lastKnownFileType = sourcecode.swift; path = RealmDateDB.swift; sourceTree = "<group>"; };
		B29DEE541EED760700E8B951 /* MenuTableView.swift */ = {isa = PBXFileReference; fileEncoding = 4; lastKnownFileType = sourcecode.swift; path = MenuTableView.swift; sourceTree = "<group>"; };
		B29DEE561EED77FB00E8B951 /* RealmMenuDB.swift */ = {isa = PBXFileReference; fileEncoding = 4; lastKnownFileType = sourcecode.swift; path = RealmMenuDB.swift; sourceTree = "<group>"; };
		B29DEE581EED7E6700E8B951 /* AddMenuView.swift */ = {isa = PBXFileReference; fileEncoding = 4; lastKnownFileType = sourcecode.swift; path = AddMenuView.swift; sourceTree = "<group>"; };
		B29DEE5A1EED835500E8B951 /* RealmKindDB.swift */ = {isa = PBXFileReference; fileEncoding = 4; lastKnownFileType = sourcecode.swift; path = RealmKindDB.swift; sourceTree = "<group>"; };
		B29DEE5C1EEEF3C100E8B951 /* SelectMenuView.swift */ = {isa = PBXFileReference; fileEncoding = 4; lastKnownFileType = sourcecode.swift; path = SelectMenuView.swift; sourceTree = "<group>"; };
		E54018E7040979566BB7ACF5 /* Pods-MyKcal.debug.xcconfig */ = {isa = PBXFileReference; includeInIndex = 1; lastKnownFileType = text.xcconfig; name = "Pods-MyKcal.debug.xcconfig"; path = "Pods/Target Support Files/Pods-MyKcal/Pods-MyKcal.debug.xcconfig"; sourceTree = "<group>"; };
		F1DC62DA99E5BC25DBEC851D /* Pods-MyKcal.release.xcconfig */ = {isa = PBXFileReference; includeInIndex = 1; lastKnownFileType = text.xcconfig; name = "Pods-MyKcal.release.xcconfig"; path = "Pods/Target Support Files/Pods-MyKcal/Pods-MyKcal.release.xcconfig"; sourceTree = "<group>"; };
/* End PBXFileReference section */

/* Begin PBXFrameworksBuildPhase section */
		B2859DE61EE989A1006E78CA /* Frameworks */ = {
			isa = PBXFrameworksBuildPhase;
			buildActionMask = 2147483647;
			files = (
				0444B20898E9EC3BC850FADD /* Pods_MyKcal.framework in Frameworks */,
			);
			runOnlyForDeploymentPostprocessing = 0;
		};
/* End PBXFrameworksBuildPhase section */

/* Begin PBXGroup section */
		620D7730BBC38E2B4E17D912 /* Frameworks */ = {
			isa = PBXGroup;
			children = (
				651D9B9A2291A195D958F3A9 /* Pods_MyKcal.framework */,
			);
			name = Frameworks;
			sourceTree = "<group>";
		};
		B25038261F3AA80300247149 /* ViewController */ = {
			isa = PBXGroup;
			children = (
				B2859DEE1EE989A1006E78CA /* ViewController.swift */,
				B29DEE541EED760700E8B951 /* MenuTableView.swift */,
				B29DEE581EED7E6700E8B951 /* AddMenuView.swift */,
				B29DEE5C1EEEF3C100E8B951 /* SelectMenuView.swift */,
				B2835E791F0DD20400420711 /* TotalView.swift */,
				B28D35501EF0F98500E3CDA7 /* ChartsView.swift */,
				B21DF26D1F15D25700752190 /* SettingView.swift */,
				B21349BF1EFCEF4E00FD5BE2 /* BorderView.swift */,
				B24BA21C1F1381740003FDAD /* ColorCollectionView.swift */,
				B28E6E8A1F1DDF2700F3769A /* VersionView.swift */,
				B21DF26F1F17484300752190 /* DetailsView.swift */,
				B25038271F3AA83300247149 /* Realm */,
			);
			name = ViewController;
			sourceTree = "<group>";
		};
		B25038271F3AA83300247149 /* Realm */ = {
			isa = PBXGroup;
			children = (
				B29DEE4C1EEC33EE00E8B951 /* RealmDateDB.swift */,
				B29DEE561EED77FB00E8B951 /* RealmMenuDB.swift */,
				B29DEE5A1EED835500E8B951 /* RealmKindDB.swift */,
				B28D35521EF3B6EC00E3CDA7 /* morningList.swift */,
				B26FAF301EF547D9006CBF0D /* noonList.swift */,
				B26FAF321EF547FA006CBF0D /* nightList.swift */,
			);
			name = Realm;
			sourceTree = "<group>";
		};
		B25038281F3AA84000247149 /* Cell */ = {
			isa = PBXGroup;
			children = (
				B2859DFE1EE98C0D006E78CA /* CustomCell.swift */,
			);
			name = Cell;
			sourceTree = "<group>";
		};
		B2859DE01EE989A1006E78CA = {
			isa = PBXGroup;
			children = (
				B2859DEB1EE989A1006E78CA /* MyKcal */,
				B2859DEA1EE989A1006E78CA /* Products */,
				C0F410543C742871C373A239 /* Pods */,
				620D7730BBC38E2B4E17D912 /* Frameworks */,
			);
			sourceTree = "<group>";
		};
		B2859DEA1EE989A1006E78CA /* Products */ = {
			isa = PBXGroup;
			children = (
				B2859DE91EE989A1006E78CA /* MyKcal.app */,
			);
			name = Products;
			sourceTree = "<group>";
		};
		B2859DEB1EE989A1006E78CA /* MyKcal */ = {
			isa = PBXGroup;
			children = (
				B2859DEC1EE989A1006E78CA /* AppDelegate.swift */,
				B25038261F3AA80300247149 /* ViewController */,
				B25038281F3AA84000247149 /* Cell */,
				B2859DF01EE989A1006E78CA /* Main.storyboard */,
				B2859DF51EE989A1006E78CA /* LaunchScreen.storyboard */,
				B2859DF31EE989A1006E78CA /* Assets.xcassets */,
				B2859DF81EE989A1006E78CA /* Info.plist */,
			);
			path = MyKcal;
			sourceTree = "<group>";
		};
		C0F410543C742871C373A239 /* Pods */ = {
			isa = PBXGroup;
			children = (
				E54018E7040979566BB7ACF5 /* Pods-MyKcal.debug.xcconfig */,
				F1DC62DA99E5BC25DBEC851D /* Pods-MyKcal.release.xcconfig */,
			);
			name = Pods;
			sourceTree = "<group>";
		};
/* End PBXGroup section */

/* Begin PBXNativeTarget section */
		B2859DE81EE989A1006E78CA /* MyKcal */ = {
			isa = PBXNativeTarget;
			buildConfigurationList = B2859DFB1EE989A1006E78CA /* Build configuration list for PBXNativeTarget "MyKcal" */;
			buildPhases = (
				D1FC95B3D71F3B515BACEED8 /* [CP] Check Pods Manifest.lock */,
				B2859DE51EE989A1006E78CA /* Sources */,
				B2859DE61EE989A1006E78CA /* Frameworks */,
				B2859DE71EE989A1006E78CA /* Resources */,
				1AF641D65801644AD6201635 /* [CP] Embed Pods Frameworks */,
				0B9F8830FA69684122FF9769 /* [CP] Copy Pods Resources */,
			);
			buildRules = (
			);
			dependencies = (
			);
			name = MyKcal;
			productName = MyKcal;
			productReference = B2859DE91EE989A1006E78CA /* MyKcal.app */;
			productType = "com.apple.product-type.application";
		};
/* End PBXNativeTarget section */

/* Begin PBXProject section */
		B2859DE11EE989A1006E78CA /* Project object */ = {
			isa = PBXProject;
			attributes = {
				LastSwiftUpdateCheck = 0830;
				LastUpgradeCheck = 0830;
				ORGANIZATIONNAME = "佐藤賢";
				TargetAttributes = {
					B2859DE81EE989A1006E78CA = {
						CreatedOnToolsVersion = 8.3.2;
						DevelopmentTeam = JL94BNBL3S;
						ProvisioningStyle = Automatic;
					};
				};
			};
			buildConfigurationList = B2859DE41EE989A1006E78CA /* Build configuration list for PBXProject "MyKcal" */;
			compatibilityVersion = "Xcode 3.2";
			developmentRegion = English;
			hasScannedForEncodings = 0;
			knownRegions = (
				en,
				Base,
			);
			mainGroup = B2859DE01EE989A1006E78CA;
			productRefGroup = B2859DEA1EE989A1006E78CA /* Products */;
			projectDirPath = "";
			projectRoot = "";
			targets = (
				B2859DE81EE989A1006E78CA /* MyKcal */,
			);
		};
/* End PBXProject section */

/* Begin PBXResourcesBuildPhase section */
		B2859DE71EE989A1006E78CA /* Resources */ = {
			isa = PBXResourcesBuildPhase;
			buildActionMask = 2147483647;
			files = (
				B2859DF71EE989A1006E78CA /* LaunchScreen.storyboard in Resources */,
				B2859DF41EE989A1006E78CA /* Assets.xcassets in Resources */,
				B2859DF21EE989A1006E78CA /* Main.storyboard in Resources */,
			);
			runOnlyForDeploymentPostprocessing = 0;
		};
/* End PBXResourcesBuildPhase section */

/* Begin PBXShellScriptBuildPhase section */
		0B9F8830FA69684122FF9769 /* [CP] Copy Pods Resources */ = {
			isa = PBXShellScriptBuildPhase;
			buildActionMask = 2147483647;
			files = (
			);
			inputPaths = (
			);
			name = "[CP] Copy Pods Resources";
			outputPaths = (
			);
			runOnlyForDeploymentPostprocessing = 0;
			shellPath = /bin/sh;
			shellScript = "\"${SRCROOT}/Pods/Target Support Files/Pods-MyKcal/Pods-MyKcal-resources.sh\"\n";
			showEnvVarsInLog = 0;
		};
		1AF641D65801644AD6201635 /* [CP] Embed Pods Frameworks */ = {
			isa = PBXShellScriptBuildPhase;
			buildActionMask = 2147483647;
			files = (
			);
			inputPaths = (
			);
			name = "[CP] Embed Pods Frameworks";
			outputPaths = (
			);
			runOnlyForDeploymentPostprocessing = 0;
			shellPath = /bin/sh;
			shellScript = "\"${SRCROOT}/Pods/Target Support Files/Pods-MyKcal/Pods-MyKcal-frameworks.sh\"\n";
			showEnvVarsInLog = 0;
		};
		D1FC95B3D71F3B515BACEED8 /* [CP] Check Pods Manifest.lock */ = {
			isa = PBXShellScriptBuildPhase;
			buildActionMask = 2147483647;
			files = (
			);
			inputPaths = (
			);
			name = "[CP] Check Pods Manifest.lock";
			outputPaths = (
			);
			runOnlyForDeploymentPostprocessing = 0;
			shellPath = /bin/sh;
			shellScript = "diff \"${PODS_ROOT}/../Podfile.lock\" \"${PODS_ROOT}/Manifest.lock\" > /dev/null\nif [ $? != 0 ] ; then\n    # print error to STDERR\n    echo \"error: The sandbox is not in sync with the Podfile.lock. Run 'pod install' or update your CocoaPods installation.\" >&2\n    exit 1\nfi\n";
			showEnvVarsInLog = 0;
		};
/* End PBXShellScriptBuildPhase section */

/* Begin PBXSourcesBuildPhase section */
		B2859DE51EE989A1006E78CA /* Sources */ = {
			isa = PBXSourcesBuildPhase;
			buildActionMask = 2147483647;
			files = (
				B29DEE571EED77FB00E8B951 /* RealmMenuDB.swift in Sources */,
				B28D35531EF3B6EC00E3CDA7 /* morningList.swift in Sources */,
				B2859DEF1EE989A1006E78CA /* ViewController.swift in Sources */,
				B2835E7A1F0DD20400420711 /* TotalView.swift in Sources */,
				B29DEE4D1EEC33EE00E8B951 /* RealmDateDB.swift in Sources */,
				B2859DFF1EE98C0D006E78CA /* CustomCell.swift in Sources */,
				B29DEE591EED7E6700E8B951 /* AddMenuView.swift in Sources */,
				B21349C01EFCEF4E00FD5BE2 /* BorderView.swift in Sources */,
				B29DEE5B1EED835500E8B951 /* RealmKindDB.swift in Sources */,
				B21DF26E1F15D25700752190 /* SettingView.swift in Sources */,
				B29DEE5D1EEEF3C100E8B951 /* SelectMenuView.swift in Sources */,
				B21DF2701F17484300752190 /* DetailsView.swift in Sources */,
				B28E6E8B1F1DDF2700F3769A /* VersionView.swift in Sources */,
				B24BA21D1F1381740003FDAD /* ColorCollectionView.swift in Sources */,
				B26FAF331EF547FA006CBF0D /* nightList.swift in Sources */,
				B28D35511EF0F98500E3CDA7 /* ChartsView.swift in Sources */,
				B29DEE551EED760700E8B951 /* MenuTableView.swift in Sources */,
				B2859DED1EE989A1006E78CA /* AppDelegate.swift in Sources */,
				B26FAF311EF547D9006CBF0D /* noonList.swift in Sources */,
			);
			runOnlyForDeploymentPostprocessing = 0;
		};
/* End PBXSourcesBuildPhase section */

/* Begin PBXVariantGroup section */
		B2859DF01EE989A1006E78CA /* Main.storyboard */ = {
			isa = PBXVariantGroup;
			children = (
				B2859DF11EE989A1006E78CA /* Base */,
			);
			name = Main.storyboard;
			sourceTree = "<group>";
		};
		B2859DF51EE989A1006E78CA /* LaunchScreen.storyboard */ = {
			isa = PBXVariantGroup;
			children = (
				B2859DF61EE989A1006E78CA /* Base */,
			);
			name = LaunchScreen.storyboard;
			sourceTree = "<group>";
		};
/* End PBXVariantGroup section */

/* Begin XCBuildConfiguration section */
		B2859DF91EE989A1006E78CA /* Debug */ = {
			isa = XCBuildConfiguration;
			buildSettings = {
				ALWAYS_SEARCH_USER_PATHS = NO;
				CLANG_ANALYZER_NONNULL = YES;
				CLANG_ANALYZER_NUMBER_OBJECT_CONVERSION = YES_AGGRESSIVE;
				CLANG_CXX_LANGUAGE_STANDARD = "gnu++0x";
				CLANG_CXX_LIBRARY = "libc++";
				CLANG_ENABLE_MODULES = YES;
				CLANG_ENABLE_OBJC_ARC = YES;
				CLANG_WARN_BOOL_CONVERSION = YES;
				CLANG_WARN_CONSTANT_CONVERSION = YES;
				CLANG_WARN_DIRECT_OBJC_ISA_USAGE = YES_ERROR;
				CLANG_WARN_DOCUMENTATION_COMMENTS = YES;
				CLANG_WARN_EMPTY_BODY = YES;
				CLANG_WARN_ENUM_CONVERSION = YES;
				CLANG_WARN_INFINITE_RECURSION = YES;
				CLANG_WARN_INT_CONVERSION = YES;
				CLANG_WARN_OBJC_ROOT_CLASS = YES_ERROR;
				CLANG_WARN_SUSPICIOUS_MOVE = YES;
				CLANG_WARN_UNREACHABLE_CODE = YES;
				CLANG_WARN__DUPLICATE_METHOD_MATCH = YES;
				"CODE_SIGN_IDENTITY[sdk=iphoneos*]" = "iPhone Developer";
				COPY_PHASE_STRIP = NO;
				DEBUG_INFORMATION_FORMAT = dwarf;
				ENABLE_STRICT_OBJC_MSGSEND = YES;
				ENABLE_TESTABILITY = YES;
				GCC_C_LANGUAGE_STANDARD = gnu99;
				GCC_DYNAMIC_NO_PIC = NO;
				GCC_NO_COMMON_BLOCKS = YES;
				GCC_OPTIMIZATION_LEVEL = 0;
				GCC_PREPROCESSOR_DEFINITIONS = (
					"DEBUG=1",
					"$(inherited)",
				);
				GCC_WARN_64_TO_32_BIT_CONVERSION = YES;
				GCC_WARN_ABOUT_RETURN_TYPE = YES_ERROR;
				GCC_WARN_UNDECLARED_SELECTOR = YES;
				GCC_WARN_UNINITIALIZED_AUTOS = YES_AGGRESSIVE;
				GCC_WARN_UNUSED_FUNCTION = YES;
				GCC_WARN_UNUSED_VARIABLE = YES;
				IPHONEOS_DEPLOYMENT_TARGET = 10.3;
				MTL_ENABLE_DEBUG_INFO = YES;
				ONLY_ACTIVE_ARCH = YES;
				SDKROOT = iphoneos;
				SWIFT_ACTIVE_COMPILATION_CONDITIONS = DEBUG;
				SWIFT_OPTIMIZATION_LEVEL = "-Onone";
				TARGETED_DEVICE_FAMILY = "1,2";
			};
			name = Debug;
		};
		B2859DFA1EE989A1006E78CA /* Release */ = {
			isa = XCBuildConfiguration;
			buildSettings = {
				ALWAYS_SEARCH_USER_PATHS = NO;
				CLANG_ANALYZER_NONNULL = YES;
				CLANG_ANALYZER_NUMBER_OBJECT_CONVERSION = YES_AGGRESSIVE;
				CLANG_CXX_LANGUAGE_STANDARD = "gnu++0x";
				CLANG_CXX_LIBRARY = "libc++";
				CLANG_ENABLE_MODULES = YES;
				CLANG_ENABLE_OBJC_ARC = YES;
				CLANG_WARN_BOOL_CONVERSION = YES;
				CLANG_WARN_CONSTANT_CONVERSION = YES;
				CLANG_WARN_DIRECT_OBJC_ISA_USAGE = YES_ERROR;
				CLANG_WARN_DOCUMENTATION_COMMENTS = YES;
				CLANG_WARN_EMPTY_BODY = YES;
				CLANG_WARN_ENUM_CONVERSION = YES;
				CLANG_WARN_INFINITE_RECURSION = YES;
				CLANG_WARN_INT_CONVERSION = YES;
				CLANG_WARN_OBJC_ROOT_CLASS = YES_ERROR;
				CLANG_WARN_SUSPICIOUS_MOVE = YES;
				CLANG_WARN_UNREACHABLE_CODE = YES;
				CLANG_WARN__DUPLICATE_METHOD_MATCH = YES;
				"CODE_SIGN_IDENTITY[sdk=iphoneos*]" = "iPhone Developer";
				COPY_PHASE_STRIP = NO;
				DEBUG_INFORMATION_FORMAT = "dwarf-with-dsym";
				ENABLE_NS_ASSERTIONS = NO;
				ENABLE_STRICT_OBJC_MSGSEND = YES;
				GCC_C_LANGUAGE_STANDARD = gnu99;
				GCC_NO_COMMON_BLOCKS = YES;
				GCC_WARN_64_TO_32_BIT_CONVERSION = YES;
				GCC_WARN_ABOUT_RETURN_TYPE = YES_ERROR;
				GCC_WARN_UNDECLARED_SELECTOR = YES;
				GCC_WARN_UNINITIALIZED_AUTOS = YES_AGGRESSIVE;
				GCC_WARN_UNUSED_FUNCTION = YES;
				GCC_WARN_UNUSED_VARIABLE = YES;
				IPHONEOS_DEPLOYMENT_TARGET = 10.3;
				MTL_ENABLE_DEBUG_INFO = NO;
				SDKROOT = iphoneos;
				SWIFT_OPTIMIZATION_LEVEL = "-Owholemodule";
				TARGETED_DEVICE_FAMILY = "1,2";
				VALIDATE_PRODUCT = YES;
			};
			name = Release;
		};
		B2859DFC1EE989A1006E78CA /* Debug */ = {
			isa = XCBuildConfiguration;
			baseConfigurationReference = E54018E7040979566BB7ACF5 /* Pods-MyKcal.debug.xcconfig */;
			buildSettings = {
				ALWAYS_EMBED_SWIFT_STANDARD_LIBRARIES = YES;
				ASSETCATALOG_COMPILER_APPICON_NAME = AppIcon;
				DEVELOPMENT_TEAM = JL94BNBL3S;
				INFOPLIST_FILE = MyKcal/Info.plist;
				LD_RUNPATH_SEARCH_PATHS = "$(inherited) @executable_path/Frameworks";
				PRODUCT_BUNDLE_IDENTIFIER = ken.MyKcal;
				PRODUCT_NAME = "$(TARGET_NAME)";
				SWIFT_VERSION = 3.0;
			};
			name = Debug;
		};
		B2859DFD1EE989A1006E78CA /* Release */ = {
			isa = XCBuildConfiguration;
			baseConfigurationReference = F1DC62DA99E5BC25DBEC851D /* Pods-MyKcal.release.xcconfig */;
			buildSettings = {
				ALWAYS_EMBED_SWIFT_STANDARD_LIBRARIES = YES;
				ASSETCATALOG_COMPILER_APPICON_NAME = AppIcon;
				DEVELOPMENT_TEAM = JL94BNBL3S;
				INFOPLIST_FILE = MyKcal/Info.plist;
				LD_RUNPATH_SEARCH_PATHS = "$(inherited) @executable_path/Frameworks";
				PRODUCT_BUNDLE_IDENTIFIER = ken.MyKcal;
				PRODUCT_NAME = "$(TARGET_NAME)";
				SWIFT_VERSION = 3.0;
			};
			name = Release;
		};
/* End XCBuildConfiguration section */

/* Begin XCConfigurationList section */
		B2859DE41EE989A1006E78CA /* Build configuration list for PBXProject "MyKcal" */ = {
			isa = XCConfigurationList;
			buildConfigurations = (
				B2859DF91EE989A1006E78CA /* Debug */,
				B2859DFA1EE989A1006E78CA /* Release */,
			);
			defaultConfigurationIsVisible = 0;
			defaultConfigurationName = Release;
		};
		B2859DFB1EE989A1006E78CA /* Build configuration list for PBXNativeTarget "MyKcal" */ = {
			isa = XCConfigurationList;
			buildConfigurations = (
				B2859DFC1EE989A1006E78CA /* Debug */,
				B2859DFD1EE989A1006E78CA /* Release */,
			);
			defaultConfigurationIsVisible = 0;
			defaultConfigurationName = Release;
		};
/* End XCConfigurationList section */
	};
	rootObject = B2859DE11EE989A1006E78CA /* Project object */;
}
